// !$*UTF8*$!
{
	archiveVersion = 1;
	classes = {
	};
	objectVersion = 77;
	objects = {

/* Begin PBXBuildFile section */
		07020C1FA4DAC24DF6A3FD50 /* StoryRow.swift in Sources */ = {isa = PBXBuildFile; fileRef = EAF951D47D25C0556BD270E0 /* StoryRow.swift */; };
		14E2CC7CF8B5820047EE43DB /* CachedImageView.swift in Sources */ = {isa = PBXBuildFile; fileRef = 34FB11F8CC0C7412A088D2F4 /* CachedImageView.swift */; };
		171ED0F890447D32B02688DF /* PostView.swift in Sources */ = {isa = PBXBuildFile; fileRef = E2C44FE37EBE7B97E2CF5C1F /* PostView.swift */; };
		28AC3875AC7AA94855A1113A /* LaunchScreen.storyboard in Resources */ = {isa = PBXBuildFile; fileRef = F8A1946F1136EE9DA3B66F50 /* LaunchScreen.storyboard */; };
		4DE7167479C46700AEF53575 /* Assets.xcassets in Resources */ = {isa = PBXBuildFile; fileRef = A65E768917DBC7F6BC3166C1 /* Assets.xcassets */; };
		7ABE766639E7CCE0FD6F8862 /* MainTabView.swift in Sources */ = {isa = PBXBuildFile; fileRef = 50C595A22D07D37C71A3C069 /* MainTabView.swift */; };
		7B89EDFE076F977702D97EEA /* PlaceholderView.swift in Sources */ = {isa = PBXBuildFile; fileRef = B507DBFF67D5A6C416D752CD /* PlaceholderView.swift */; };
		BB0115AE277774BA6D9A1945 /* BuildVerseApp.swift in Sources */ = {isa = PBXBuildFile; fileRef = 05E462E3FF027E77B3597436 /* BuildVerseApp.swift */; };
		C9CB8FD270B2D22C9723BF75 /* Models.swift in Sources */ = {isa = PBXBuildFile; fileRef = 4AFDA0710C40D0873EBA2291 /* Models.swift */; };
		D135B082FD63DE02782D4C2F /* HomeFeedView.swift in Sources */ = {isa = PBXBuildFile; fileRef = B53A230AF3CB6F819680413F /* HomeFeedView.swift */; };
/* End PBXBuildFile section */

/* Begin PBXFileReference section */
		023D5E66F4F987F7B176B8F4 /* Info.plist */ = {isa = PBXFileReference; lastKnownFileType = text.plist; path = Info.plist; sourceTree = "<group>"; };
		05E462E3FF027E77B3597436 /* BuildVerseApp.swift */ = {isa = PBXFileReference; lastKnownFileType = sourcecode.swift; path = BuildVerseApp.swift; sourceTree = "<group>"; };
		34FB11F8CC0C7412A088D2F4 /* CachedImageView.swift */ = {isa = PBXFileReference; lastKnownFileType = sourcecode.swift; path = CachedImageView.swift; sourceTree = "<group>"; };
		4AFDA0710C40D0873EBA2291 /* Models.swift */ = {isa = PBXFileReference; lastKnownFileType = sourcecode.swift; path = Models.swift; sourceTree = "<group>"; };
		50C595A22D07D37C71A3C069 /* MainTabView.swift */ = {isa = PBXFileReference; lastKnownFileType = sourcecode.swift; path = MainTabView.swift; sourceTree = "<group>"; };
		5672C85CCB64AA5551B7BE41 /* Base */ = {isa = PBXFileReference; lastKnownFileType = file.storyboard; name = Base; path = Base.lproj/LaunchScreen.storyboard; sourceTree = "<group>"; };
		A65E768917DBC7F6BC3166C1 /* Assets.xcassets */ = {isa = PBXFileReference; lastKnownFileType = folder.assetcatalog; path = Assets.xcassets; sourceTree = "<group>"; };
		B507DBFF67D5A6C416D752CD /* PlaceholderView.swift */ = {isa = PBXFileReference; lastKnownFileType = sourcecode.swift; path = PlaceholderView.swift; sourceTree = "<group>"; };
		B53A230AF3CB6F819680413F /* HomeFeedView.swift */ = {isa = PBXFileReference; lastKnownFileType = sourcecode.swift; path = HomeFeedView.swift; sourceTree = "<group>"; };
		C9685BAF206B821DB9E8EA34 /* instagram-template.app */ = {isa = PBXFileReference; includeInIndex = 0; lastKnownFileType = wrapper.application; path = "instagram-template.app"; sourceTree = BUILT_PRODUCTS_DIR; };
		E2C44FE37EBE7B97E2CF5C1F /* PostView.swift */ = {isa = PBXFileReference; lastKnownFileType = sourcecode.swift; path = PostView.swift; sourceTree = "<group>"; };
		EAF951D47D25C0556BD270E0 /* StoryRow.swift */ = {isa = PBXFileReference; lastKnownFileType = sourcecode.swift; path = StoryRow.swift; sourceTree = "<group>"; };
/* End PBXFileReference section */

/* Begin PBXGroup section */
		0C2621DBA109F9D359C8B9C0 = {
			isa = PBXGroup;
			children = (
				4510201F8AE7DEFFEA7B0CE0 /* instagram-template */,
				84A45049488B6A20E2C5144D /* Products */,
			);
			sourceTree = "<group>";
		};
		4510201F8AE7DEFFEA7B0CE0 /* instagram-template */ = {
			isa = PBXGroup;
			children = (
				A65E768917DBC7F6BC3166C1 /* Assets.xcassets */,
				05E462E3FF027E77B3597436 /* BuildVerseApp.swift */,
				34FB11F8CC0C7412A088D2F4 /* CachedImageView.swift */,
				B53A230AF3CB6F819680413F /* HomeFeedView.swift */,
				023D5E66F4F987F7B176B8F4 /* Info.plist */,
				F8A1946F1136EE9DA3B66F50 /* LaunchScreen.storyboard */,
				50C595A22D07D37C71A3C069 /* MainTabView.swift */,
				4AFDA0710C40D0873EBA2291 /* Models.swift */,
				B507DBFF67D5A6C416D752CD /* PlaceholderView.swift */,
				E2C44FE37EBE7B97E2CF5C1F /* PostView.swift */,
				EAF951D47D25C0556BD270E0 /* StoryRow.swift */,
			);
			path = "instagram-template";
			sourceTree = "<group>";
		};
		84A45049488B6A20E2C5144D /* Products */ = {
			isa = PBXGroup;
			children = (
				C9685BAF206B821DB9E8EA34 /* instagram-template.app */,
			);
			name = Products;
			sourceTree = "<group>";
		};
/* End PBXGroup section */

/* Begin PBXNativeTarget section */
		E63E724DB2394DC933424D99 /* instagram-template */ = {
			isa = PBXNativeTarget;
			buildConfigurationList = E62C9D1E150DD079BFC02699 /* Build configuration list for PBXNativeTarget "instagram-template" */;
			buildPhases = (
				B29EF6314451E26937FCA05D /* Sources */,
				52276003AA8EC1E5A83480BC /* Resources */,
			);
			buildRules = (
			);
			dependencies = (
			);
			name = "instagram-template";
			packageProductDependencies = (
			);
			productName = "instagram-template";
			productReference = C9685BAF206B821DB9E8EA34 /* instagram-template.app */;
			productType = "com.apple.product-type.application";
		};
/* End PBXNativeTarget section */

/* Begin PBXProject section */
		644BD34D3A16955E4388CC9D /* Project object */ = {
			isa = PBXProject;
			attributes = {
				BuildIndependentTargetsInParallel = YES;
				LastUpgradeCheck = 1430;
			};
			buildConfigurationList = 31ACE7CD8CE7516050DF170E /* Build configuration list for PBXProject "instagram-template" */;
			compatibilityVersion = "Xcode 14.0";
			developmentRegion = en;
			hasScannedForEncodings = 0;
			knownRegions = (
				Base,
				en,
			);
			mainGroup = 0C2621DBA109F9D359C8B9C0;
			minimizedProjectReferenceProxies = 1;
			preferredProjectObjectVersion = 77;
			projectDirPath = "";
			projectRoot = "";
			targets = (
				E63E724DB2394DC933424D99 /* instagram-template */,
			);
		};
/* End PBXProject section */

/* Begin PBXResourcesBuildPhase section */
		52276003AA8EC1E5A83480BC /* Resources */ = {
			isa = PBXResourcesBuildPhase;
			buildActionMask = 2147483647;
			files = (
				4DE7167479C46700AEF53575 /* Assets.xcassets in Resources */,
				28AC3875AC7AA94855A1113A /* LaunchScreen.storyboard in Resources */,
			);
			runOnlyForDeploymentPostprocessing = 0;
		};
/* End PBXResourcesBuildPhase section */

/* Begin PBXSourcesBuildPhase section */
		B29EF6314451E26937FCA05D /* Sources */ = {
			isa = PBXSourcesBuildPhase;
			buildActionMask = 2147483647;
			files = (
				BB0115AE277774BA6D9A1945 /* BuildVerseApp.swift in Sources */,
				14E2CC7CF8B5820047EE43DB /* CachedImageView.swift in Sources */,
				D135B082FD63DE02782D4C2F /* HomeFeedView.swift in Sources */,
				7ABE766639E7CCE0FD6F8862 /* MainTabView.swift in Sources */,
				C9CB8FD270B2D22C9723BF75 /* Models.swift in Sources */,
				7B89EDFE076F977702D97EEA /* PlaceholderView.swift in Sources */,
				171ED0F890447D32B02688DF /* PostView.swift in Sources */,
				07020C1FA4DAC24DF6A3FD50 /* StoryRow.swift in Sources */,
			);
			runOnlyForDeploymentPostprocessing = 0;
		};
/* End PBXSourcesBuildPhase section */

/* Begin PBXVariantGroup section */
		F8A1946F1136EE9DA3B66F50 /* LaunchScreen.storyboard */ = {
			isa = PBXVariantGroup;
			children = (
				5672C85CCB64AA5551B7BE41 /* Base */,
			);
			name = LaunchScreen.storyboard;
			sourceTree = "<group>";
		};
/* End PBXVariantGroup section */

/* Begin XCBuildConfiguration section */
		144BD465FC6DB577FE553C75 /* Release */ = {
			isa = XCBuildConfiguration;
			buildSettings = {
				INFOPLIST_FILE = "instagram-template/Info.plist";
				IPHONEOS_DEPLOYMENT_TARGET = 17.0;
			};
			name = Release;
		};
		A8E527DF461D556DF547E377 /* Debug */ = {
			isa = XCBuildConfiguration;
			buildSettings = {
				INFOPLIST_FILE = "instagram-template/Info.plist";
				IPHONEOS_DEPLOYMENT_TARGET = 17.0;
			};
			name = Debug;
		};
		F871A7506621551D5833161E /* Debug */ = {
			isa = XCBuildConfiguration;
			buildSettings = {
				ALWAYS_SEARCH_USER_PATHS = NO;
				ASSETCATALOG_COMPILER_APPICON_NAME = AppIcon;
				CURRENT_PROJECT_VERSION = 1;
				MARKETING_VERSION = 1.0;
				PRODUCT_BUNDLE_IDENTIFIER = com.example.instagramtemplate;
				PRODUCT_NAME = "instagram-template";
				SDKROOT = iphoneos;
				SUPPORTED_PLATFORMS = "iphoneos iphonesimulator";
				SUPPORTS_MACCATALYST = NO;
				SWIFT_VERSION = 5.0;
				TARGETED_DEVICE_FAMILY = 1;
			};
			name = Debug;
		};
		F90EDFCB9B00CDFC0D952112 /* Release */ = {
			isa = XCBuildConfiguration;
			buildSettings = {
				ALWAYS_SEARCH_USER_PATHS = NO;
				ASSETCATALOG_COMPILER_APPICON_NAME = AppIcon;
				CURRENT_PROJECT_VERSION = 1;
				MARKETING_VERSION = 1.0;
				PRODUCT_BUNDLE_IDENTIFIER = com.example.instagramtemplate;
				PRODUCT_NAME = "instagram-template";
				SDKROOT = iphoneos;
				SUPPORTED_PLATFORMS = "iphoneos iphonesimulator";
				SUPPORTS_MACCATALYST = NO;
				SWIFT_VERSION = 5.0;
				TARGETED_DEVICE_FAMILY = 1;
			};
			name = Release;
		};
/* End XCBuildConfiguration section */

/* Begin XCConfigurationList section */
		31ACE7CD8CE7516050DF170E /* Build configuration list for PBXProject "instagram-template" */ = {
			isa = XCConfigurationList;
			buildConfigurations = (
				F871A7506621551D5833161E /* Debug */,
				F90EDFCB9B00CDFC0D952112 /* Release */,
			);
			defaultConfigurationIsVisible = 0;
			defaultConfigurationName = Debug;
		};
		E62C9D1E150DD079BFC02699 /* Build configuration list for PBXNativeTarget "instagram-template" */ = {
			isa = XCConfigurationList;
			buildConfigurations = (
				A8E527DF461D556DF547E377 /* Debug */,
				144BD465FC6DB577FE553C75 /* Release */,
			);
			defaultConfigurationIsVisible = 0;
			defaultConfigurationName = Debug;
		};
/* End XCConfigurationList section */
	};
	rootObject = 644BD34D3A16955E4388CC9D /* Project object */;
}
